
Microsoft Visual Studio Solution File, Format Version 12.00
# Visual Studio Version 17
VisualStudioVersion = 17.1.32210.238
MinimumVisualStudioVersion = 10.0.40219.1
Project("{FAE04EC0-301F-11D3-BF4B-00C04F79EFBC}") = "UC13FILEIO", "UC13FILEIO.csproj", "{A13B40CF-A3D6-4C6C-84E1-D5D29BB1F468}"
EndProject
Global
	GlobalSection(SolutionConfigurationPlatforms) = preSolution
		Debug|Any CPU = Debug|Any CPU
		Release|Any CPU = Release|Any CPU
	EndGlobalSection
	GlobalSection(ProjectConfigurationPlatforms) = postSolution
		{A13B40CF-A3D6-4C6C-84E1-D5D29BB1F468}.Debug|Any CPU.ActiveCfg = Debug|Any CPU
		{A13B40CF-A3D6-4C6C-84E1-D5D29BB1F468}.Debug|Any CPU.Build.0 = Debug|Any CPU
		{A13B40CF-A3D6-4C6C-84E1-D5D29BB1F468}.Release|Any CPU.ActiveCfg = Release|Any CPU
		{A13B40CF-A3D6-4C6C-84E1-D5D29BB1F468}.Release|Any CPU.Build.0 = Release|Any CPU
	EndGlobalSection
	GlobalSection(SolutionProperties) = preSolution
		HideSolutionNode = FALSE
	EndGlobalSection
	GlobalSection(ExtensibilityGlobals) = postSolution
		SolutionGuid = {56765E56-1556-4B8E-8716-20F1A42D4F07}
	EndGlobalSection
EndGlobal
